PODS:
  - ActiveLabel (1.1.0)
  - AgoraRtcEngine_iOS (4.2.6):
    - AgoraRtcEngine_iOS/AIAEC (= 4.2.6)
    - AgoraRtcEngine_iOS/AINS (= 4.2.6)
    - AgoraRtcEngine_iOS/AudioBeauty (= 4.2.6)
    - AgoraRtcEngine_iOS/ClearVision (= 4.2.6)
    - AgoraRtcEngine_iOS/ContentInspect (= 4.2.6)
    - AgoraRtcEngine_iOS/DRM (= 4.2.6)
    - AgoraRtcEngine_iOS/FaceDetection (= 4.2.6)
    - AgoraRtcEngine_iOS/ReplayKit (= 4.2.6)
    - AgoraRtcEngine_iOS/RtcBasic (= 4.2.6)
    - AgoraRtcEngine_iOS/SpatialAudio (= 4.2.6)
    - AgoraRtcEngine_iOS/VideoCodecDec (= 4.2.6)
    - AgoraRtcEngine_iOS/VideoCodecEnc (= 4.2.6)
    - AgoraRtcEngine_iOS/VirtualBackground (= 4.2.6)
    - AgoraRtcEngine_iOS/VQA (= 4.2.6)
  - AgoraRtcEngine_iOS/AIAEC (4.2.6)
  - AgoraRtcEngine_iOS/AINS (4.2.6)
  - AgoraRtcEngine_iOS/AudioBeauty (4.2.6)
  - AgoraRtcEngine_iOS/ClearVision (4.2.6)
  - AgoraRtcEngine_iOS/ContentInspect (4.2.6)
  - AgoraRtcEngine_iOS/DRM (4.2.6)
  - AgoraRtcEngine_iOS/FaceDetection (4.2.6)
  - AgoraRtcEngine_iOS/ReplayKit (4.2.6)
  - AgoraRtcEngine_iOS/RtcBasic (4.2.6)
  - AgoraRtcEngine_iOS/SpatialAudio (4.2.6)
  - AgoraRtcEngine_iOS/VideoCodecDec (4.2.6)
  - AgoraRtcEngine_iOS/VideoCodecEnc (4.2.6)
  - AgoraRtcEngine_iOS/VirtualBackground (4.2.6)
  - AgoraRtcEngine_iOS/VQA (4.2.6)
  - Alamofire (5.8.1)
  - AppAuth (1.6.2):
    - AppAuth/Core (= 1.6.2)
    - AppAuth/ExternalUserAgent (= 1.6.2)
  - AppAuth/Core (1.6.2)
  - AppAuth/ExternalUserAgent (1.6.2):
    - AppAuth/Core
  - AsyncSwift (2.0.4)
  - CashfreeAnalyticsSDK (2.0.5):
    - CFNetworkSDK (~> 2.0.5)
  - CashfreePG (2.0.9):
    - CashfreePGUISDK (~> 2.0.8)
  - CashfreePGCoreSDK (2.0.8):
    - CashfreeAnalyticsSDK (~> 2.0.5)
  - CashfreePGUISDK (2.0.8):
    - CashfreePGCoreSDK (~> 2.0.8)
  - CFNetworkSDK (2.0.5)
  - DropDown (2.3.13)
  - FBAEMKit (16.2.1):
    - FBSDKCoreKit_Basics (= 16.2.1)
  - FBSDKCoreKit (16.2.1):
    - FBAEMKit (= 16.2.1)
    - FBSDKCoreKit_Basics (= 16.2.1)
  - FBSDKCoreKit_Basics (16.2.1)
  - FBSDKLoginKit (16.2.1):
    - FBSDKCoreKit (= 16.2.1)
  - FittedSheets (2.6.1)
  - FlowplayerSDK (4.0.1)
  - GoogleSignIn (5.0.0):
    - AppAuth (~> 1.1)
    - GTMAppAuth (~> 1.0)
    - GTMSessionFetcher/Core (~> 1.1)
  - GTMAppAuth (1.3.1):
    - AppAuth/Core (~> 1.6)
    - GTMSessionFetcher/Core (< 3.0, >= 1.5)
  - GTMSessionFetcher/Core (1.7.2)
  - HCVimeoVideoExtractor (0.0.4)
  - IQKeyboardManagerSwift (6.5.16)
  - JGProgressHUD (2.2)
  - OneSignal (2.16.7)
  - R.swift (7.3.2)
  - SDWebImage (4.4.8):
    - SDWebImage/Core (= 4.4.8)
  - SDWebImage/Core (4.4.8)
  - SkyFloatingLabelTextField (4.0.0)
  - SwiftEventBus (2.2.0)
  - SwiftSoup (2.6.1)
  - SwiftyBeaver (2.0.0)
  - Toast-Swift (4.0.1)
  - UIView-Shimmer (1.0.4)

DEPENDENCIES:
  - ActiveLabel
  - AgoraRtcEngine_iOS
  - Alamofire
  - AsyncSwift
  - CashfreePG
  - DropDown
  - FBSDKLoginKit
  - FittedSheets
  - FlowplayerSDK (~> 4.0.0)
  - GoogleSignIn (= 5.0.0)
  - HCVimeoVideoExtractor
  - IQKeyboardManagerSwift
  - JGProgressHUD
  - OneSignal (< 3.0, >= 2.6.2)
  - R.swift
  - SDWebImage (~> 4.0)
  - SkyFloatingLabelTextField
  - SwiftEventBus (from `https://github.com/cesarferreira/SwiftEventBus.git`, tag `3.0.0`)
  - SwiftSoup
  - SwiftyBeaver
  - Toast-Swift (~> 4.0.0)
  - UIView-Shimmer (~> 1.0)

SPEC REPOS:
  trunk:
    - ActiveLabel
    - AgoraRtcEngine_iOS
    - Alamofire
    - AppAuth
    - AsyncSwift
    - CashfreeAnalyticsSDK
    - CashfreePG
    - CashfreePGCoreSDK
    - CashfreePGUISDK
    - CFNetworkSDK
    - DropDown
    - FBAEMKit
    - FBSDKCoreKit
    - FBSDKCoreKit_Basics
    - FBSDKLoginKit
    - FittedSheets
    - FlowplayerSDK
    - GoogleSignIn
    - GTMAppAuth
    - GTMSessionFetcher
    - HCVimeoVideoExtractor
    - IQKeyboardManagerSwift
    - JGProgressHUD
    - OneSignal
    - R.swift
    - SDWebImage
    - SkyFloatingLabelTextField
    - SwiftSoup
    - SwiftyBeaver
    - Toast-Swift
    - UIView-Shimmer

EXTERNAL SOURCES:
  SwiftEventBus:
    :git: https://github.com/cesarferreira/SwiftEventBus.git
    :tag: 3.0.0

CHECKOUT OPTIONS:
  SwiftEventBus:
    :git: https://github.com/cesarferreira/SwiftEventBus.git
    :tag: 3.0.0

SPEC CHECKSUMS:
  ActiveLabel: 5e3f4de79a1952d4604b845a0610d4776e4b82b3
  AgoraRtcEngine_iOS: ac647332ad8f86d79cf810601c9e62b28c3a4de0
  Alamofire: 3ca42e259043ee0dc5c0cdd76c4bc568b8e42af7
  AppAuth: 3bb1d1cd9340bd09f5ed189fb00b1cc28e1e8570
  AsyncSwift: 65775a7b32e740609b24969ece3de58723b9dc3e
  CashfreeAnalyticsSDK: 6d3825916b1f37e38e26cc3b825eef31c9a8b4b9
  CashfreePG: 857dffd7e7ecec2b3efc572d3ff0ebf5f59dc342
  CashfreePGCoreSDK: 8ad9ae1bc97668d5399e936e2de00d6d103a7bfb
  CashfreePGUISDK: 891276c947bc2aea7f3990bb60c19cd62c631313
  CFNetworkSDK: 02adc1210041ce65a6653049c730c9db2f73451a
  DropDown: 8a2116376c1981888557f72ec2ffc9a5e0e456ec
  FBAEMKit: 4763aa27b8f69eb9d2c274189e91388de1dbd88a
  FBSDKCoreKit: 40ae989ca1da1bbeba56acd4671dde64ad415506
  FBSDKCoreKit_Basics: 1257d71d2d692661290bf2af4bea5f9a101387af
  FBSDKLoginKit: bf4f96d0ce475de2da4b1800ce150bd8a6f120f3
  FittedSheets: 37e35f105c531f3845075f1788dd8517a35315c4
  FlowplayerSDK: 77ca49f997cc9ac760859b0a5aa3f5bdaa801aba
  GoogleSignIn: a62edd0516721d2a3db1259a5681b91f9b41c06a
  GTMAppAuth: 0ff230db599948a9ad7470ca667337803b3fc4dd
  GTMSessionFetcher: 5595ec75acf5be50814f81e9189490412bad82ba
  HCVimeoVideoExtractor: f29c70152171be0a3b18992df2a8c4a012c388d3
  IQKeyboardManagerSwift: 12d89768845bb77b55cc092ecc2b1f9370f06b76
  JGProgressHUD: d83d7a981b85d11205e19ff8ad5bb9c40571c847
  OneSignal: 67a3cf1d1edf2a9c22ba846e8d2eee2bf8cdb525
  R.swift: 0af0d882f49f03711415cb4e5215daa977d8a480
  SDWebImage: 783af2c3fa36291a250030c4752ee370a9a51d13
  SkyFloatingLabelTextField: 79ddc40e4ad59707fedbb48d605417aee48bb78a
  SwiftEventBus: 667baca2f107fa0c9c2068950298dbfd6a4111cc
  SwiftSoup: 5dd2c1b06afc964f30d99894af6ede22ede627aa
  SwiftyBeaver: 014b0c12065026b731bac80305294f27d63e27f6
  Toast-Swift: e42a638589a2f95036b4bb7626cfbdde7daf0393
  UIView-Shimmer: ff0a32c73d67c7dbdea3d9e530538b10d18aea56

PODFILE CHECKSUM: 1ecd0ae1dec9c129808bff6fbea1cd18d76d39eb

COCOAPODS: 1.12.1
